
Microsoft Visual Studio Solution File, Format Version 12.00
# Visual Studio Version 16
VisualStudioVersion = 16.0.31605.320
MinimumVisualStudioVersion = 10.0.40219.1
Project("{FAE04EC0-301F-11D3-BF4B-00C04F79EFBC}") = "Implementing Stack and Queue", "Implementing Stack and Queue\Implementing Stack and Queue.csproj", "{2A407327-58D7-4E4E-AE3C-B3071510C768}"
EndProject
Global
	GlobalSection(SolutionConfigurationPlatforms) = preSolution
		Debug|Any CPU = Debug|Any CPU
		Release|Any CPU = Release|Any CPU
	EndGlobalSection
	GlobalSection(ProjectConfigurationPlatforms) = postSolution
		{2A407327-58D7-4E4E-AE3C-B3071510C768}.Debug|Any CPU.ActiveCfg = Debug|Any CPU
		{2A407327-58D7-4E4E-AE3C-B3071510C768}.Debug|Any CPU.Build.0 = Debug|Any CPU
		{2A407327-58D7-4E4E-AE3C-B3071510C768}.Release|Any CPU.ActiveCfg = Release|Any CPU
		{2A407327-58D7-4E4E-AE3C-B3071510C768}.Release|Any CPU.Build.0 = Release|Any CPU
	EndGlobalSection
	GlobalSection(SolutionProperties) = preSolution
		HideSolutionNode = FALSE
	EndGlobalSection
	GlobalSection(ExtensibilityGlobals) = postSolution
		SolutionGuid = {B783D514-58C0-4E53-B80E-8823C4C394ED}
	EndGlobalSection
EndGlobal
