
Microsoft Visual Studio Solution File, Format Version 12.00
# Visual Studio Version 16
VisualStudioVersion = 16.0.31605.320
MinimumVisualStudioVersion = 10.0.40219.1
Project("{FAE04EC0-301F-11D3-BF4B-00C04F79EFBC}") = "DefiningClasses", "StartUp\DefiningClasses.csproj", "{A0F3CF29-7D37-456D-B536-0D75C83A2456}"
EndProject
Global
	GlobalSection(SolutionConfigurationPlatforms) = preSolution
		Debug|Any CPU = Debug|Any CPU
		Release|Any CPU = Release|Any CPU
	EndGlobalSection
	GlobalSection(ProjectConfigurationPlatforms) = postSolution
		{A0F3CF29-7D37-456D-B536-0D75C83A2456}.Debug|Any CPU.ActiveCfg = Debug|Any CPU
		{A0F3CF29-7D37-456D-B536-0D75C83A2456}.Debug|Any CPU.Build.0 = Debug|Any CPU
		{A0F3CF29-7D37-456D-B536-0D75C83A2456}.Release|Any CPU.ActiveCfg = Release|Any CPU
		{A0F3CF29-7D37-456D-B536-0D75C83A2456}.Release|Any CPU.Build.0 = Release|Any CPU
	EndGlobalSection
	GlobalSection(SolutionProperties) = preSolution
		HideSolutionNode = FALSE
	EndGlobalSection
	GlobalSection(ExtensibilityGlobals) = postSolution
		SolutionGuid = {6E6F164B-83B4-4562-A428-2864AD0744CD}
	EndGlobalSection
EndGlobal
