
Microsoft Visual Studio Solution File, Format Version 12.00
# Visual Studio Version 17
VisualStudioVersion = 17.0.31912.275
MinimumVisualStudioVersion = 10.0.40219.1
Project("{FAE04EC0-301F-11D3-BF4B-00C04F79EFBC}") = "Reflection", "Reflection\Reflection.csproj", "{05520330-805D-4824-88BB-04B3DD739818}"
EndProject
Global
	GlobalSection(SolutionConfigurationPlatforms) = preSolution
		Debug|Any CPU = Debug|Any CPU
		Release|Any CPU = Release|Any CPU
	EndGlobalSection
	GlobalSection(ProjectConfigurationPlatforms) = postSolution
		{05520330-805D-4824-88BB-04B3DD739818}.Debug|Any CPU.ActiveCfg = Debug|Any CPU
		{05520330-805D-4824-88BB-04B3DD739818}.Debug|Any CPU.Build.0 = Debug|Any CPU
		{05520330-805D-4824-88BB-04B3DD739818}.Release|Any CPU.ActiveCfg = Release|Any CPU
		{05520330-805D-4824-88BB-04B3DD739818}.Release|Any CPU.Build.0 = Release|Any CPU
	EndGlobalSection
	GlobalSection(SolutionProperties) = preSolution
		HideSolutionNode = FALSE
	EndGlobalSection
	GlobalSection(ExtensibilityGlobals) = postSolution
		SolutionGuid = {89E19452-2C51-49B6-9808-DC44B9CB78FE}
	EndGlobalSection
EndGlobal
